// !$*UTF8*$!
{
	archiveVersion = 1;
	classes = {
	};
	objectVersion = 46;
	objects = {

/* Begin PBXBuildFile section */
		DB7C4A3B1CACD01200787611 /* main.m in Sources */ = {isa = PBXBuildFile; fileRef = DB7C4A3A1CACD01200787611 /* main.m */; };
		DB7C4A3E1CACD01200787611 /* AppDelegate.m in Sources */ = {isa = PBXBuildFile; fileRef = DB7C4A3D1CACD01200787611 /* AppDelegate.m */; };
		DB7C4A411CACD01200787611 /* ViewController.m in Sources */ = {isa = PBXBuildFile; fileRef = DB7C4A401CACD01200787611 /* ViewController.m */; };
		DB7C4A441CACD01200787611 /* Main.storyboard in Resources */ = {isa = PBXBuildFile; fileRef = DB7C4A421CACD01200787611 /* Main.storyboard */; };
		DB7C4A461CACD01200787611 /* Assets.xcassets in Resources */ = {isa = PBXBuildFile; fileRef = DB7C4A451CACD01200787611 /* Assets.xcassets */; };
		DB7C4A491CACD01200787611 /* LaunchScreen.storyboard in Resources */ = {isa = PBXBuildFile; fileRef = DB7C4A471CACD01200787611 /* LaunchScreen.storyboard */; };
		DB7C4A531CACD4A000787611 /* UIImage+RGBlur.m in Sources */ = {isa = PBXBuildFile; fileRef = DB7C4A521CACD4A000787611 /* UIImage+RGBlur.m */; };
		DB7C4A561CACD65900787611 /* RGLiveBlurView.m in Sources */ = {isa = PBXBuildFile; fileRef = DB7C4A551CACD65900787611 /* RGLiveBlurView.m */; };
		DB7C4A5C1CACFFF200787611 /* README.md in Sources */ = {isa = PBXBuildFile; fileRef = DB7C4A5B1CACFFF200787611 /* README.md */; };
/* End PBXBuildFile section */

/* Begin PBXFileReference section */
		DB7C4A361CACD01200787611 /* BlurViewDemo.app */ = {isa = PBXFileReference; explicitFileType = wrapper.application; includeInIndex = 0; path = BlurViewDemo.app; sourceTree = BUILT_PRODUCTS_DIR; };
		DB7C4A3A1CACD01200787611 /* main.m */ = {isa = PBXFileReference; lastKnownFileType = sourcecode.c.objc; path = main.m; sourceTree = "<group>"; };
		DB7C4A3C1CACD01200787611 /* AppDelegate.h */ = {isa = PBXFileReference; lastKnownFileType = sourcecode.c.h; path = AppDelegate.h; sourceTree = "<group>"; };
		DB7C4A3D1CACD01200787611 /* AppDelegate.m */ = {isa = PBXFileReference; lastKnownFileType = sourcecode.c.objc; path = AppDelegate.m; sourceTree = "<group>"; };
		DB7C4A3F1CACD01200787611 /* ViewController.h */ = {isa = PBXFileReference; lastKnownFileType = sourcecode.c.h; path = ViewController.h; sourceTree = "<group>"; };
		DB7C4A401CACD01200787611 /* ViewController.m */ = {isa = PBXFileReference; lastKnownFileType = sourcecode.c.objc; path = ViewController.m; sourceTree = "<group>"; };
		DB7C4A431CACD01200787611 /* Base */ = {isa = PBXFileReference; lastKnownFileType = file.storyboard; name = Base; path = Base.lproj/Main.storyboard; sourceTree = "<group>"; };
		DB7C4A451CACD01200787611 /* Assets.xcassets */ = {isa = PBXFileReference; lastKnownFileType = folder.assetcatalog; path = Assets.xcassets; sourceTree = "<group>"; };
		DB7C4A481CACD01200787611 /* Base */ = {isa = PBXFileReference; lastKnownFileType = file.storyboard; name = Base; path = Base.lproj/LaunchScreen.storyboard; sourceTree = "<group>"; };
		DB7C4A4A1CACD01200787611 /* Info.plist */ = {isa = PBXFileReference; lastKnownFileType = text.plist.xml; path = Info.plist; sourceTree = "<group>"; };
		DB7C4A511CACD4A000787611 /* UIImage+RGBlur.h */ = {isa = PBXFileReference; fileEncoding = 4; lastKnownFileType = sourcecode.c.h; path = "UIImage+RGBlur.h"; sourceTree = "<group>"; };
		DB7C4A521CACD4A000787611 /* UIImage+RGBlur.m */ = {isa = PBXFileReference; fileEncoding = 4; lastKnownFileType = sourcecode.c.objc; path = "UIImage+RGBlur.m"; sourceTree = "<group>"; };
		DB7C4A541CACD65900787611 /* RGLiveBlurView.h */ = {isa = PBXFileReference; fileEncoding = 4; lastKnownFileType = sourcecode.c.h; path = RGLiveBlurView.h; sourceTree = "<group>"; };
		DB7C4A551CACD65900787611 /* RGLiveBlurView.m */ = {isa = PBXFileReference; fileEncoding = 4; lastKnownFileType = sourcecode.c.objc; path = RGLiveBlurView.m; sourceTree = "<group>"; };
		DB7C4A5B1CACFFF200787611 /* README.md */ = {isa = PBXFileReference; fileEncoding = 4; lastKnownFileType = net.daringfireball.markdown; path = README.md; sourceTree = SOURCE_ROOT; };
/* End PBXFileReference section */

/* Begin PBXFrameworksBuildPhase section */
		DB7C4A331CACD01200787611 /* Frameworks */ = {
			isa = PBXFrameworksBuildPhase;
			buildActionMask = 2147483647;
			files = (
			);
			runOnlyForDeploymentPostprocessing = 0;
		};
/* End PBXFrameworksBuildPhase section */

/* Begin PBXGroup section */
		DB7C4A2D1CACD01200787611 = {
			isa = PBXGroup;
			children = (
				DB7C4A381CACD01200787611 /* BlurViewDemo */,
				DB7C4A371CACD01200787611 /* Products */,
			);
			sourceTree = "<group>";
		};
		DB7C4A371CACD01200787611 /* Products */ = {
			isa = PBXGroup;
			children = (
				DB7C4A361CACD01200787611 /* BlurViewDemo.app */,
			);
			name = Products;
			sourceTree = "<group>";
		};
		DB7C4A381CACD01200787611 /* BlurViewDemo */ = {
			isa = PBXGroup;
			children = (
				DB7C4A5B1CACFFF200787611 /* README.md */,
				DB7C4A501CACD43500787611 /* RGLiveBlurView */,
				DB7C4A3C1CACD01200787611 /* AppDelegate.h */,
				DB7C4A3D1CACD01200787611 /* AppDelegate.m */,
				DB7C4A3F1CACD01200787611 /* ViewController.h */,
				DB7C4A401CACD01200787611 /* ViewController.m */,
				DB7C4A421CACD01200787611 /* Main.storyboard */,
				DB7C4A451CACD01200787611 /* Assets.xcassets */,
				DB7C4A471CACD01200787611 /* LaunchScreen.storyboard */,
				DB7C4A4A1CACD01200787611 /* Info.plist */,
				DB7C4A391CACD01200787611 /* Supporting Files */,
			);
			path = BlurViewDemo;
			sourceTree = "<group>";
		};
		DB7C4A391CACD01200787611 /* Supporting Files */ = {
			isa = PBXGroup;
			children = (
				DB7C4A3A1CACD01200787611 /* main.m */,
			);
			name = "Supporting Files";
			sourceTree = "<group>";
		};
		DB7C4A501CACD43500787611 /* RGLiveBlurView */ = {
			isa = PBXGroup;
			children = (
				DB7C4A511CACD4A000787611 /* UIImage+RGBlur.h */,
				DB7C4A521CACD4A000787611 /* UIImage+RGBlur.m */,
				DB7C4A541CACD65900787611 /* RGLiveBlurView.h */,
				DB7C4A551CACD65900787611 /* RGLiveBlurView.m */,
			);
			path = RGLiveBlurView;
			sourceTree = "<group>";
		};
/* End PBXGroup section */

/* Begin PBXNativeTarget section */
		DB7C4A351CACD01200787611 /* BlurViewDemo */ = {
			isa = PBXNativeTarget;
			buildConfigurationList = DB7C4A4D1CACD01200787611 /* Build configuration list for PBXNativeTarget "BlurViewDemo" */;
			buildPhases = (
				DB7C4A321CACD01200787611 /* Sources */,
				DB7C4A331CACD01200787611 /* Frameworks */,
				DB7C4A341CACD01200787611 /* Resources */,
			);
			buildRules = (
			);
			dependencies = (
			);
			name = BlurViewDemo;
			productName = BlurViewDemo;
			productReference = DB7C4A361CACD01200787611 /* BlurViewDemo.app */;
			productType = "com.apple.product-type.application";
		};
/* End PBXNativeTarget section */

/* Begin PBXProject section */
		DB7C4A2E1CACD01200787611 /* Project object */ = {
			isa = PBXProject;
			attributes = {
				LastUpgradeCheck = 0730;
				ORGANIZATIONNAME = roger.wu;
				TargetAttributes = {
					DB7C4A351CACD01200787611 = {
						CreatedOnToolsVersion = 7.3;
					};
				};
			};
			buildConfigurationList = DB7C4A311CACD01200787611 /* Build configuration list for PBXProject "BlurViewDemo" */;
			compatibilityVersion = "Xcode 3.2";
			developmentRegion = English;
			hasScannedForEncodings = 0;
			knownRegions = (
				en,
				Base,
			);
			mainGroup = DB7C4A2D1CACD01200787611;
			productRefGroup = DB7C4A371CACD01200787611 /* Products */;
			projectDirPath = "";
			projectRoot = "";
			targets = (
				DB7C4A351CACD01200787611 /* BlurViewDemo */,
			);
		};
/* End PBXProject section */

/* Begin PBXResourcesBuildPhase section */
		DB7C4A341CACD01200787611 /* Resources */ = {
			isa = PBXResourcesBuildPhase;
			buildActionMask = 2147483647;
			files = (
				DB7C4A491CACD01200787611 /* LaunchScreen.storyboard in Resources */,
				DB7C4A461CACD01200787611 /* Assets.xcassets in Resources */,
				DB7C4A441CACD01200787611 /* Main.storyboard in Resources */,
			);
			runOnlyForDeploymentPostprocessing = 0;
		};
/* End PBXResourcesBuildPhase section */

/* Begin PBXSourcesBuildPhase section */
		DB7C4A321CACD01200787611 /* Sources */ = {
			isa = PBXSourcesBuildPhase;
			buildActionMask = 2147483647;
			files = (
				DB7C4A5C1CACFFF200787611 /* README.md in Sources */,
				DB7C4A411CACD01200787611 /* ViewController.m in Sources */,
				DB7C4A531CACD4A000787611 /* UIImage+RGBlur.m in Sources */,
				DB7C4A3E1CACD01200787611 /* AppDelegate.m in Sources */,
				DB7C4A3B1CACD01200787611 /* main.m in Sources */,
				DB7C4A561CACD65900787611 /* RGLiveBlurView.m in Sources */,
			);
			runOnlyForDeploymentPostprocessing = 0;
		};
/* End PBXSourcesBuildPhase section */

/* Begin PBXVariantGroup section */
		DB7C4A421CACD01200787611 /* Main.storyboard */ = {
			isa = PBXVariantGroup;
			children = (
				DB7C4A431CACD01200787611 /* Base */,
			);
			name = Main.storyboard;
			sourceTree = "<group>";
		};
		DB7C4A471CACD01200787611 /* LaunchScreen.storyboard */ = {
			isa = PBXVariantGroup;
			children = (
				DB7C4A481CACD01200787611 /* Base */,
			);
			name = LaunchScreen.storyboard;
			sourceTree = "<group>";
		};
/* End PBXVariantGroup section */

/* Begin XCBuildConfiguration section */
		DB7C4A4B1CACD01200787611 /* Debug */ = {
			isa = XCBuildConfiguration;
			buildSettings = {
				ALWAYS_SEARCH_USER_PATHS = NO;
				CLANG_ANALYZER_NONNULL = YES;
				CLANG_CXX_LANGUAGE_STANDARD = "gnu++0x";
				CLANG_CXX_LIBRARY = "libc++";
				CLANG_ENABLE_MODULES = YES;
				CLANG_ENABLE_OBJC_ARC = YES;
				CLANG_WARN_BOOL_CONVERSION = YES;
				CLANG_WARN_CONSTANT_CONVERSION = YES;
				CLANG_WARN_DIRECT_OBJC_ISA_USAGE = YES_ERROR;
				CLANG_WARN_EMPTY_BODY = YES;
				CLANG_WARN_ENUM_CONVERSION = YES;
				CLANG_WARN_INT_CONVERSION = YES;
				CLANG_WARN_OBJC_ROOT_CLASS = YES_ERROR;
				CLANG_WARN_UNREACHABLE_CODE = YES;
				CLANG_WARN__DUPLICATE_METHOD_MATCH = YES;
				"CODE_SIGN_IDENTITY[sdk=iphoneos*]" = "iPhone Developer";
				COPY_PHASE_STRIP = NO;
				DEBUG_INFORMATION_FORMAT = dwarf;
				ENABLE_STRICT_OBJC_MSGSEND = YES;
				ENABLE_TESTABILITY = YES;
				GCC_C_LANGUAGE_STANDARD = gnu99;
				GCC_DYNAMIC_NO_PIC = NO;
				GCC_NO_COMMON_BLOCKS = YES;
				GCC_OPTIMIZATION_LEVEL = 0;
				GCC_PREPROCESSOR_DEFINITIONS = (
					"DEBUG=1",
					"$(inherited)",
				);
				GCC_WARN_64_TO_32_BIT_CONVERSION = YES;
				GCC_WARN_ABOUT_RETURN_TYPE = YES_ERROR;
				GCC_WARN_UNDECLARED_SELECTOR = YES;
				GCC_WARN_UNINITIALIZED_AUTOS = YES_AGGRESSIVE;
				GCC_WARN_UNUSED_FUNCTION = YES;
				GCC_WARN_UNUSED_VARIABLE = YES;
				IPHONEOS_DEPLOYMENT_TARGET = 9.3;
				MTL_ENABLE_DEBUG_INFO = YES;
				ONLY_ACTIVE_ARCH = YES;
				SDKROOT = iphoneos;
			};
			name = Debug;
		};
		DB7C4A4C1CACD01200787611 /* Release */ = {
			isa = XCBuildConfiguration;
			buildSettings = {
				ALWAYS_SEARCH_USER_PATHS = NO;
				CLANG_ANALYZER_NONNULL = YES;
				CLANG_CXX_LANGUAGE_STANDARD = "gnu++0x";
				CLANG_CXX_LIBRARY = "libc++";
				CLANG_ENABLE_MODULES = YES;
				CLANG_ENABLE_OBJC_ARC = YES;
				CLANG_WARN_BOOL_CONVERSION = YES;
				CLANG_WARN_CONSTANT_CONVERSION = YES;
				CLANG_WARN_DIRECT_OBJC_ISA_USAGE = YES_ERROR;
				CLANG_WARN_EMPTY_BODY = YES;
				CLANG_WARN_ENUM_CONVERSION = YES;
				CLANG_WARN_INT_CONVERSION = YES;
				CLANG_WARN_OBJC_ROOT_CLASS = YES_ERROR;
				CLANG_WARN_UNREACHABLE_CODE = YES;
				CLANG_WARN__DUPLICATE_METHOD_MATCH = YES;
				"CODE_SIGN_IDENTITY[sdk=iphoneos*]" = "iPhone Developer";
				COPY_PHASE_STRIP = NO;
				DEBUG_INFORMATION_FORMAT = "dwarf-with-dsym";
				ENABLE_NS_ASSERTIONS = NO;
				ENABLE_STRICT_OBJC_MSGSEND = YES;
				GCC_C_LANGUAGE_STANDARD = gnu99;
				GCC_NO_COMMON_BLOCKS = YES;
				GCC_WARN_64_TO_32_BIT_CONVERSION = YES;
				GCC_WARN_ABOUT_RETURN_TYPE = YES_ERROR;
				GCC_WARN_UNDECLARED_SELECTOR = YES;
				GCC_WARN_UNINITIALIZED_AUTOS = YES_AGGRESSIVE;
				GCC_WARN_UNUSED_FUNCTION = YES;
				GCC_WARN_UNUSED_VARIABLE = YES;
				IPHONEOS_DEPLOYMENT_TARGET = 9.3;
				MTL_ENABLE_DEBUG_INFO = NO;
				SDKROOT = iphoneos;
				VALIDATE_PRODUCT = YES;
			};
			name = Release;
		};
		DB7C4A4E1CACD01200787611 /* Debug */ = {
			isa = XCBuildConfiguration;
			buildSettings = {
				ASSETCATALOG_COMPILER_APPICON_NAME = AppIcon;
				INFOPLIST_FILE = BlurViewDemo/Info.plist;
				LD_RUNPATH_SEARCH_PATHS = "$(inherited) @executable_path/Frameworks";
				PRODUCT_BUNDLE_IDENTIFIER = com.roger.BlurViewDemo;
				PRODUCT_NAME = "$(TARGET_NAME)";
			};
			name = Debug;
		};
		DB7C4A4F1CACD01200787611 /* Release */ = {
			isa = XCBuildConfiguration;
			buildSettings = {
				ASSETCATALOG_COMPILER_APPICON_NAME = AppIcon;
				INFOPLIST_FILE = BlurViewDemo/Info.plist;
				LD_RUNPATH_SEARCH_PATHS = "$(inherited) @executable_path/Frameworks";
				PRODUCT_BUNDLE_IDENTIFIER = com.roger.BlurViewDemo;
				PRODUCT_NAME = "$(TARGET_NAME)";
			};
			name = Release;
		};
/* End XCBuildConfiguration section */

/* Begin XCConfigurationList section */
		DB7C4A311CACD01200787611 /* Build configuration list for PBXProject "BlurViewDemo" */ = {
			isa = XCConfigurationList;
			buildConfigurations = (
				DB7C4A4B1CACD01200787611 /* Debug */,
				DB7C4A4C1CACD01200787611 /* Release */,
			);
			defaultConfigurationIsVisible = 0;
			defaultConfigurationName = Release;
		};
		DB7C4A4D1CACD01200787611 /* Build configuration list for PBXNativeTarget "BlurViewDemo" */ = {
			isa = XCConfigurationList;
			buildConfigurations = (
				DB7C4A4E1CACD01200787611 /* Debug */,
				DB7C4A4F1CACD01200787611 /* Release */,
			);
			defaultConfigurationIsVisible = 0;
			defaultConfigurationName = Release;
		};
/* End XCConfigurationList section */
	};
	rootObject = DB7C4A2E1CACD01200787611 /* Project object */;
}
